// !$*UTF8*$!
{
	archiveVersion = 1;
	classes = {
	};
	objectVersion = 55;
	objects = {

/* Begin PBXBuildFile section */
		A289D43B27D65FFE006F5AD1 /* Error+Equality.swift in Sources */ = {isa = PBXBuildFile; fileRef = A289D43627D65FFE006F5AD1 /* Error+Equality.swift */; };
		A289D43C27D65FFE006F5AD1 /* Provider+CheckList.swift in Sources */ = {isa = PBXBuildFile; fileRef = A289D43727D65FFE006F5AD1 /* Provider+CheckList.swift */; };
		A289D43D27D65FFE006F5AD1 /* Provider.swift in Sources */ = {isa = PBXBuildFile; fileRef = A289D43827D65FFE006F5AD1 /* Provider.swift */; };
		A289D43E27D65FFE006F5AD1 /* Provider+User.swift in Sources */ = {isa = PBXBuildFile; fileRef = A289D43927D65FFE006F5AD1 /* Provider+User.swift */; };
		A289D43F27D65FFE006F5AD1 /* ProviderError.swift in Sources */ = {isa = PBXBuildFile; fileRef = A289D43A27D65FFE006F5AD1 /* ProviderError.swift */; };
		A289D44827D66026006F5AD1 /* CheckDetailView.swift in Sources */ = {isa = PBXBuildFile; fileRef = A289D44127D66026006F5AD1 /* CheckDetailView.swift */; };
		A289D44927D66026006F5AD1 /* CheckListView.swift in Sources */ = {isa = PBXBuildFile; fileRef = A289D44227D66026006F5AD1 /* CheckListView.swift */; };
		A289D44A27D66026006F5AD1 /* CheckRowView.swift in Sources */ = {isa = PBXBuildFile; fileRef = A289D44327D66026006F5AD1 /* CheckRowView.swift */; };
		A289D44B27D66026006F5AD1 /* CheckListClient.swift in Sources */ = {isa = PBXBuildFile; fileRef = A289D44427D66026006F5AD1 /* CheckListClient.swift */; };
		A289D44C27D66026006F5AD1 /* UserClient.swift in Sources */ = {isa = PBXBuildFile; fileRef = A289D44627D66026006F5AD1 /* UserClient.swift */; };
		A289D44D27D66026006F5AD1 /* TCASampleView.swift in Sources */ = {isa = PBXBuildFile; fileRef = A289D44727D66026006F5AD1 /* TCASampleView.swift */; };
		A289D44F27D660C5006F5AD1 /* User.swift in Sources */ = {isa = PBXBuildFile; fileRef = A289D44E27D660C5006F5AD1 /* User.swift */; };
		A2A866A927ECCCC500EF5470 /* HeaderView.swift in Sources */ = {isa = PBXBuildFile; fileRef = A2A866A827ECCCC500EF5470 /* HeaderView.swift */; };
		A2D31B2127D65CEE000CA792 /* TodoListView.swift in Sources */ = {isa = PBXBuildFile; fileRef = A2D31B2027D65CEE000CA792 /* TodoListView.swift */; };
		A2D6865327B2D74200EB3F3E /* TodoView.swift in Sources */ = {isa = PBXBuildFile; fileRef = A2D6865227B2D74200EB3F3E /* TodoView.swift */; };
		A2E0822927AEEEF200B0DCAC /* TCA_SampleApp.swift in Sources */ = {isa = PBXBuildFile; fileRef = A2E0822827AEEEF200B0DCAC /* TCA_SampleApp.swift */; };
		A2E0822B27AEEEF200B0DCAC /* ContentView.swift in Sources */ = {isa = PBXBuildFile; fileRef = A2E0822A27AEEEF200B0DCAC /* ContentView.swift */; };
		A2E0822D27AEEEF300B0DCAC /* Assets.xcassets in Resources */ = {isa = PBXBuildFile; fileRef = A2E0822C27AEEEF200B0DCAC /* Assets.xcassets */; };
		A2E0823027AEEEF300B0DCAC /* Preview Assets.xcassets in Resources */ = {isa = PBXBuildFile; fileRef = A2E0822F27AEEEF300B0DCAC /* Preview Assets.xcassets */; };
		A2E0823827AEEF9E00B0DCAC /* ComposableArchitecture in Frameworks */ = {isa = PBXBuildFile; productRef = A2E0823727AEEF9E00B0DCAC /* ComposableArchitecture */; };
		A2FE634827DE0159006D02B1 /* TasksView.swift in Sources */ = {isa = PBXBuildFile; fileRef = A2FE634727DE0159006D02B1 /* TasksView.swift */; };
		A2FE634B27DE03CC006D02B1 /* Realm in Frameworks */ = {isa = PBXBuildFile; productRef = A2FE634A27DE03CC006D02B1 /* Realm */; };
		A2FE634D27DE03CC006D02B1 /* RealmSwift in Frameworks */ = {isa = PBXBuildFile; productRef = A2FE634C27DE03CC006D02B1 /* RealmSwift */; };
		A2FE634F27DE478A006D02B1 /* Task.swift in Sources */ = {isa = PBXBuildFile; fileRef = A2FE634E27DE478A006D02B1 /* Task.swift */; };
		A2FE635127DE4858006D02B1 /* AddTaskView.swift in Sources */ = {isa = PBXBuildFile; fileRef = A2FE635027DE4858006D02B1 /* AddTaskView.swift */; };
		A2FE635327DE4902006D02B1 /* RealmManager.swift in Sources */ = {isa = PBXBuildFile; fileRef = A2FE635227DE4902006D02B1 /* RealmManager.swift */; };
		A2FE635527DE4995006D02B1 /* TaskRow.swift in Sources */ = {isa = PBXBuildFile; fileRef = A2FE635427DE4995006D02B1 /* TaskRow.swift */; };
		A2FE635727DE49B5006D02B1 /* SmallAddAction.swift in Sources */ = {isa = PBXBuildFile; fileRef = A2FE635627DE49B5006D02B1 /* SmallAddAction.swift */; };
/* End PBXBuildFile section */

/* Begin PBXFileReference section */
		A289D43627D65FFE006F5AD1 /* Error+Equality.swift */ = {isa = PBXFileReference; fileEncoding = 4; lastKnownFileType = sourcecode.swift; path = "Error+Equality.swift"; sourceTree = "<group>"; };
		A289D43727D65FFE006F5AD1 /* Provider+CheckList.swift */ = {isa = PBXFileReference; fileEncoding = 4; lastKnownFileType = sourcecode.swift; path = "Provider+CheckList.swift"; sourceTree = "<group>"; };
		A289D43827D65FFE006F5AD1 /* Provider.swift */ = {isa = PBXFileReference; fileEncoding = 4; lastKnownFileType = sourcecode.swift; path = Provider.swift; sourceTree = "<group>"; };
		A289D43927D65FFE006F5AD1 /* Provider+User.swift */ = {isa = PBXFileReference; fileEncoding = 4; lastKnownFileType = sourcecode.swift; path = "Provider+User.swift"; sourceTree = "<group>"; };
		A289D43A27D65FFE006F5AD1 /* ProviderError.swift */ = {isa = PBXFileReference; fileEncoding = 4; lastKnownFileType = sourcecode.swift; path = ProviderError.swift; sourceTree = "<group>"; };
		A289D44127D66026006F5AD1 /* CheckDetailView.swift */ = {isa = PBXFileReference; fileEncoding = 4; lastKnownFileType = sourcecode.swift; path = CheckDetailView.swift; sourceTree = "<group>"; };
		A289D44227D66026006F5AD1 /* CheckListView.swift */ = {isa = PBXFileReference; fileEncoding = 4; lastKnownFileType = sourcecode.swift; path = CheckListView.swift; sourceTree = "<group>"; };
		A289D44327D66026006F5AD1 /* CheckRowView.swift */ = {isa = PBXFileReference; fileEncoding = 4; lastKnownFileType = sourcecode.swift; path = CheckRowView.swift; sourceTree = "<group>"; };
		A289D44427D66026006F5AD1 /* CheckListClient.swift */ = {isa = PBXFileReference; fileEncoding = 4; lastKnownFileType = sourcecode.swift; path = CheckListClient.swift; sourceTree = "<group>"; };
		A289D44627D66026006F5AD1 /* UserClient.swift */ = {isa = PBXFileReference; fileEncoding = 4; lastKnownFileType = sourcecode.swift; path = UserClient.swift; sourceTree = "<group>"; };
		A289D44727D66026006F5AD1 /* TCASampleView.swift */ = {isa = PBXFileReference; fileEncoding = 4; lastKnownFileType = sourcecode.swift; path = TCASampleView.swift; sourceTree = "<group>"; };
		A289D44E27D660C5006F5AD1 /* User.swift */ = {isa = PBXFileReference; fileEncoding = 4; lastKnownFileType = sourcecode.swift; path = User.swift; sourceTree = "<group>"; };
		A2A866A827ECCCC500EF5470 /* HeaderView.swift */ = {isa = PBXFileReference; lastKnownFileType = sourcecode.swift; path = HeaderView.swift; sourceTree = "<group>"; };
		A2D31B2027D65CEE000CA792 /* TodoListView.swift */ = {isa = PBXFileReference; lastKnownFileType = sourcecode.swift; path = TodoListView.swift; sourceTree = "<group>"; };
		A2D6865227B2D74200EB3F3E /* TodoView.swift */ = {isa = PBXFileReference; lastKnownFileType = sourcecode.swift; path = TodoView.swift; sourceTree = "<group>"; };
		A2E0822527AEEEF200B0DCAC /* TCA-Sample.app */ = {isa = PBXFileReference; explicitFileType = wrapper.application; includeInIndex = 0; path = "TCA-Sample.app"; sourceTree = BUILT_PRODUCTS_DIR; };
		A2E0822827AEEEF200B0DCAC /* TCA_SampleApp.swift */ = {isa = PBXFileReference; lastKnownFileType = sourcecode.swift; path = TCA_SampleApp.swift; sourceTree = "<group>"; };
		A2E0822A27AEEEF200B0DCAC /* ContentView.swift */ = {isa = PBXFileReference; lastKnownFileType = sourcecode.swift; path = ContentView.swift; sourceTree = "<group>"; };
		A2E0822C27AEEEF200B0DCAC /* Assets.xcassets */ = {isa = PBXFileReference; lastKnownFileType = folder.assetcatalog; path = Assets.xcassets; sourceTree = "<group>"; };
		A2E0822F27AEEEF300B0DCAC /* Preview Assets.xcassets */ = {isa = PBXFileReference; lastKnownFileType = folder.assetcatalog; path = "Preview Assets.xcassets"; sourceTree = "<group>"; };
		A2FE634727DE0159006D02B1 /* TasksView.swift */ = {isa = PBXFileReference; lastKnownFileType = sourcecode.swift; path = TasksView.swift; sourceTree = "<group>"; };
		A2FE634E27DE478A006D02B1 /* Task.swift */ = {isa = PBXFileReference; lastKnownFileType = sourcecode.swift; path = Task.swift; sourceTree = "<group>"; };
		A2FE635027DE4858006D02B1 /* AddTaskView.swift */ = {isa = PBXFileReference; lastKnownFileType = sourcecode.swift; path = AddTaskView.swift; sourceTree = "<group>"; };
		A2FE635227DE4902006D02B1 /* RealmManager.swift */ = {isa = PBXFileReference; lastKnownFileType = sourcecode.swift; path = RealmManager.swift; sourceTree = "<group>"; };
		A2FE635427DE4995006D02B1 /* TaskRow.swift */ = {isa = PBXFileReference; lastKnownFileType = sourcecode.swift; path = TaskRow.swift; sourceTree = "<group>"; };
		A2FE635627DE49B5006D02B1 /* SmallAddAction.swift */ = {isa = PBXFileReference; lastKnownFileType = sourcecode.swift; path = SmallAddAction.swift; sourceTree = "<group>"; };
/* End PBXFileReference section */

/* Begin PBXFrameworksBuildPhase section */
		A2E0822227AEEEF200B0DCAC /* Frameworks */ = {
			isa = PBXFrameworksBuildPhase;
			buildActionMask = 2147483647;
			files = (
				A2FE634D27DE03CC006D02B1 /* RealmSwift in Frameworks */,
				A2FE634B27DE03CC006D02B1 /* Realm in Frameworks */,
				A2E0823827AEEF9E00B0DCAC /* ComposableArchitecture in Frameworks */,
			);
			runOnlyForDeploymentPostprocessing = 0;
		};
/* End PBXFrameworksBuildPhase section */

/* Begin PBXGroup section */
		A289D43427D65EBC006F5AD1 /* Todos */ = {
			isa = PBXGroup;
			children = (
				A2D31B2027D65CEE000CA792 /* TodoListView.swift */,
				A2D6865227B2D74200EB3F3E /* TodoView.swift */,
			);
			path = Todos;
			sourceTree = "<group>";
		};
		A289D43527D65FFE006F5AD1 /* Provider */ = {
			isa = PBXGroup;
			children = (
				A289D43627D65FFE006F5AD1 /* Error+Equality.swift */,
				A289D43727D65FFE006F5AD1 /* Provider+CheckList.swift */,
				A289D43827D65FFE006F5AD1 /* Provider.swift */,
				A289D43927D65FFE006F5AD1 /* Provider+User.swift */,
				A289D43A27D65FFE006F5AD1 /* ProviderError.swift */,
			);
			path = Provider;
			sourceTree = "<group>";
		};
		A289D44027D66026006F5AD1 /* TCASample */ = {
			isa = PBXGroup;
			children = (
				A2A866A827ECCCC500EF5470 /* HeaderView.swift */,
				A289D44227D66026006F5AD1 /* CheckListView.swift */,
				A289D44327D66026006F5AD1 /* CheckRowView.swift */,
				A289D44127D66026006F5AD1 /* CheckDetailView.swift */,
				A289D44427D66026006F5AD1 /* CheckListClient.swift */,
			);
			path = TCASample;
			sourceTree = "<group>";
		};
		A289D44527D66026006F5AD1 /* TCAAPI */ = {
			isa = PBXGroup;
			children = (
				A289D44727D66026006F5AD1 /* TCASampleView.swift */,
				A289D44E27D660C5006F5AD1 /* User.swift */,
				A289D44627D66026006F5AD1 /* UserClient.swift */,
			);
			path = TCAAPI;
			sourceTree = "<group>";
		};
		A2E0821C27AEEEF200B0DCAC = {
			isa = PBXGroup;
			children = (
				A2E0822727AEEEF200B0DCAC /* TCA-Sample */,
				A2E0822627AEEEF200B0DCAC /* Products */,
			);
			sourceTree = "<group>";
		};
		A2E0822627AEEEF200B0DCAC /* Products */ = {
			isa = PBXGroup;
			children = (
				A2E0822527AEEEF200B0DCAC /* TCA-Sample.app */,
			);
			name = Products;
			sourceTree = "<group>";
		};
		A2E0822727AEEEF200B0DCAC /* TCA-Sample */ = {
			isa = PBXGroup;
			children = (
				A2E0822827AEEEF200B0DCAC /* TCA_SampleApp.swift */,
				A2E0822A27AEEEF200B0DCAC /* ContentView.swift */,
				A289D43427D65EBC006F5AD1 /* Todos */,
				A289D44527D66026006F5AD1 /* TCAAPI */,
				A289D44027D66026006F5AD1 /* TCASample */,
				A2FE634627DE0121006D02B1 /* TodoWithRealm */,
				A289D43527D65FFE006F5AD1 /* Provider */,
				A2E0822C27AEEEF200B0DCAC /* Assets.xcassets */,
				A2E0822E27AEEEF300B0DCAC /* Preview Content */,
			);
			path = "TCA-Sample";
			sourceTree = "<group>";
		};
		A2E0822E27AEEEF300B0DCAC /* Preview Content */ = {
			isa = PBXGroup;
			children = (
				A2E0822F27AEEEF300B0DCAC /* Preview Assets.xcassets */,
			);
			path = "Preview Content";
			sourceTree = "<group>";
		};
		A2FE634627DE0121006D02B1 /* TodoWithRealm */ = {
			isa = PBXGroup;
			children = (
				A2FE634727DE0159006D02B1 /* TasksView.swift */,
				A2FE635027DE4858006D02B1 /* AddTaskView.swift */,
				A2FE634E27DE478A006D02B1 /* Task.swift */,
				A2FE635227DE4902006D02B1 /* RealmManager.swift */,
				A2FE635427DE4995006D02B1 /* TaskRow.swift */,
				A2FE635627DE49B5006D02B1 /* SmallAddAction.swift */,
			);
			path = TodoWithRealm;
			sourceTree = "<group>";
		};
/* End PBXGroup section */

/* Begin PBXNativeTarget section */
		A2E0822427AEEEF200B0DCAC /* TCA-Sample */ = {
			isa = PBXNativeTarget;
			buildConfigurationList = A2E0823327AEEEF300B0DCAC /* Build configuration list for PBXNativeTarget "TCA-Sample" */;
			buildPhases = (
				A2E0822127AEEEF200B0DCAC /* Sources */,
				A2E0822227AEEEF200B0DCAC /* Frameworks */,
				A2E0822327AEEEF200B0DCAC /* Resources */,
			);
			buildRules = (
			);
			dependencies = (
			);
			name = "TCA-Sample";
			packageProductDependencies = (
				A2E0823727AEEF9E00B0DCAC /* ComposableArchitecture */,
				A2FE634A27DE03CC006D02B1 /* Realm */,
				A2FE634C27DE03CC006D02B1 /* RealmSwift */,
			);
			productName = "TCA-Sample";
			productReference = A2E0822527AEEEF200B0DCAC /* TCA-Sample.app */;
			productType = "com.apple.product-type.application";
		};
/* End PBXNativeTarget section */

/* Begin PBXProject section */
		A2E0821D27AEEEF200B0DCAC /* Project object */ = {
			isa = PBXProject;
			attributes = {
				BuildIndependentTargetsInParallel = 1;
				LastSwiftUpdateCheck = 1320;
				LastUpgradeCheck = 1320;
				TargetAttributes = {
					A2E0822427AEEEF200B0DCAC = {
						CreatedOnToolsVersion = 13.2.1;
					};
				};
			};
			buildConfigurationList = A2E0822027AEEEF200B0DCAC /* Build configuration list for PBXProject "TCA-Sample" */;
			compatibilityVersion = "Xcode 13.0";
			developmentRegion = en;
			hasScannedForEncodings = 0;
			knownRegions = (
				en,
				Base,
			);
			mainGroup = A2E0821C27AEEEF200B0DCAC;
			packageReferences = (
				A2E0823627AEEF9E00B0DCAC /* XCRemoteSwiftPackageReference "swift-composable-architecture" */,
				A2FE634927DE03CC006D02B1 /* XCRemoteSwiftPackageReference "realm-swift" */,
			);
			productRefGroup = A2E0822627AEEEF200B0DCAC /* Products */;
			projectDirPath = "";
			projectRoot = "";
			targets = (
				A2E0822427AEEEF200B0DCAC /* TCA-Sample */,
			);
		};
/* End PBXProject section */

/* Begin PBXResourcesBuildPhase section */
		A2E0822327AEEEF200B0DCAC /* Resources */ = {
			isa = PBXResourcesBuildPhase;
			buildActionMask = 2147483647;
			files = (
				A2E0823027AEEEF300B0DCAC /* Preview Assets.xcassets in Resources */,
				A2E0822D27AEEEF300B0DCAC /* Assets.xcassets in Resources */,
			);
			runOnlyForDeploymentPostprocessing = 0;
		};
/* End PBXResourcesBuildPhase section */

/* Begin PBXSourcesBuildPhase section */
		A2E0822127AEEEF200B0DCAC /* Sources */ = {
			isa = PBXSourcesBuildPhase;
			buildActionMask = 2147483647;
			files = (
				A2D6865327B2D74200EB3F3E /* TodoView.swift in Sources */,
				A289D44B27D66026006F5AD1 /* CheckListClient.swift in Sources */,
				A289D43B27D65FFE006F5AD1 /* Error+Equality.swift in Sources */,
				A289D44827D66026006F5AD1 /* CheckDetailView.swift in Sources */,
				A2FE635127DE4858006D02B1 /* AddTaskView.swift in Sources */,
				A289D44F27D660C5006F5AD1 /* User.swift in Sources */,
				A289D43D27D65FFE006F5AD1 /* Provider.swift in Sources */,
				A2FE635727DE49B5006D02B1 /* SmallAddAction.swift in Sources */,
				A289D44927D66026006F5AD1 /* CheckListView.swift in Sources */,
				A2FE634827DE0159006D02B1 /* TasksView.swift in Sources */,
				A289D43F27D65FFE006F5AD1 /* ProviderError.swift in Sources */,
				A289D43E27D65FFE006F5AD1 /* Provider+User.swift in Sources */,
				A2E0822B27AEEEF200B0DCAC /* ContentView.swift in Sources */,
				A2FE635527DE4995006D02B1 /* TaskRow.swift in Sources */,
				A2D31B2127D65CEE000CA792 /* TodoListView.swift in Sources */,
				A2E0822927AEEEF200B0DCAC /* TCA_SampleApp.swift in Sources */,
				A289D44D27D66026006F5AD1 /* TCASampleView.swift in Sources */,
				A289D44C27D66026006F5AD1 /* UserClient.swift in Sources */,
				A289D44A27D66026006F5AD1 /* CheckRowView.swift in Sources */,
				A2FE635327DE4902006D02B1 /* RealmManager.swift in Sources */,
				A2FE634F27DE478A006D02B1 /* Task.swift in Sources */,
				A2A866A927ECCCC500EF5470 /* HeaderView.swift in Sources */,
				A289D43C27D65FFE006F5AD1 /* Provider+CheckList.swift in Sources */,
			);
			runOnlyForDeploymentPostprocessing = 0;
		};
/* End PBXSourcesBuildPhase section */

/* Begin XCBuildConfiguration section */
		A2E0823127AEEEF300B0DCAC /* Debug */ = {
			isa = XCBuildConfiguration;
			buildSettings = {
				ALWAYS_SEARCH_USER_PATHS = NO;
				CLANG_ANALYZER_NONNULL = YES;
				CLANG_ANALYZER_NUMBER_OBJECT_CONVERSION = YES_AGGRESSIVE;
				CLANG_CXX_LANGUAGE_STANDARD = "gnu++17";
				CLANG_CXX_LIBRARY = "libc++";
				CLANG_ENABLE_MODULES = YES;
				CLANG_ENABLE_OBJC_ARC = YES;
				CLANG_ENABLE_OBJC_WEAK = YES;
				CLANG_WARN_BLOCK_CAPTURE_AUTORELEASING = YES;
				CLANG_WARN_BOOL_CONVERSION = YES;
				CLANG_WARN_COMMA = YES;
				CLANG_WARN_CONSTANT_CONVERSION = YES;
				CLANG_WARN_DEPRECATED_OBJC_IMPLEMENTATIONS = YES;
				CLANG_WARN_DIRECT_OBJC_ISA_USAGE = YES_ERROR;
				CLANG_WARN_DOCUMENTATION_COMMENTS = YES;
				CLANG_WARN_EMPTY_BODY = YES;
				CLANG_WARN_ENUM_CONVERSION = YES;
				CLANG_WARN_INFINITE_RECURSION = YES;
				CLANG_WARN_INT_CONVERSION = YES;
				CLANG_WARN_NON_LITERAL_NULL_CONVERSION = YES;
				CLANG_WARN_OBJC_IMPLICIT_RETAIN_SELF = YES;
				CLANG_WARN_OBJC_LITERAL_CONVERSION = YES;
				CLANG_WARN_OBJC_ROOT_CLASS = YES_ERROR;
				CLANG_WARN_QUOTED_INCLUDE_IN_FRAMEWORK_HEADER = YES;
				CLANG_WARN_RANGE_LOOP_ANALYSIS = YES;
				CLANG_WARN_STRICT_PROTOTYPES = YES;
				CLANG_WARN_SUSPICIOUS_MOVE = YES;
				CLANG_WARN_UNGUARDED_AVAILABILITY = YES_AGGRESSIVE;
				CLANG_WARN_UNREACHABLE_CODE = YES;
				CLANG_WARN__DUPLICATE_METHOD_MATCH = YES;
				COPY_PHASE_STRIP = NO;
				DEBUG_INFORMATION_FORMAT = dwarf;
				ENABLE_STRICT_OBJC_MSGSEND = YES;
				ENABLE_TESTABILITY = YES;
				GCC_C_LANGUAGE_STANDARD = gnu11;
				GCC_DYNAMIC_NO_PIC = NO;
				GCC_NO_COMMON_BLOCKS = YES;
				GCC_OPTIMIZATION_LEVEL = 0;
				GCC_PREPROCESSOR_DEFINITIONS = (
					"DEBUG=1",
					"$(inherited)",
				);
				GCC_WARN_64_TO_32_BIT_CONVERSION = YES;
				GCC_WARN_ABOUT_RETURN_TYPE = YES_ERROR;
				GCC_WARN_UNDECLARED_SELECTOR = YES;
				GCC_WARN_UNINITIALIZED_AUTOS = YES_AGGRESSIVE;
				GCC_WARN_UNUSED_FUNCTION = YES;
				GCC_WARN_UNUSED_VARIABLE = YES;
				IPHONEOS_DEPLOYMENT_TARGET = 15.2;
				MTL_ENABLE_DEBUG_INFO = INCLUDE_SOURCE;
				MTL_FAST_MATH = YES;
				ONLY_ACTIVE_ARCH = YES;
				SDKROOT = iphoneos;
				SWIFT_ACTIVE_COMPILATION_CONDITIONS = DEBUG;
				SWIFT_OPTIMIZATION_LEVEL = "-Onone";
			};
			name = Debug;
		};
		A2E0823227AEEEF300B0DCAC /* Release */ = {
			isa = XCBuildConfiguration;
			buildSettings = {
				ALWAYS_SEARCH_USER_PATHS = NO;
				CLANG_ANALYZER_NONNULL = YES;
				CLANG_ANALYZER_NUMBER_OBJECT_CONVERSION = YES_AGGRESSIVE;
				CLANG_CXX_LANGUAGE_STANDARD = "gnu++17";
				CLANG_CXX_LIBRARY = "libc++";
				CLANG_ENABLE_MODULES = YES;
				CLANG_ENABLE_OBJC_ARC = YES;
				CLANG_ENABLE_OBJC_WEAK = YES;
				CLANG_WARN_BLOCK_CAPTURE_AUTORELEASING = YES;
				CLANG_WARN_BOOL_CONVERSION = YES;
				CLANG_WARN_COMMA = YES;
				CLANG_WARN_CONSTANT_CONVERSION = YES;
				CLANG_WARN_DEPRECATED_OBJC_IMPLEMENTATIONS = YES;
				CLANG_WARN_DIRECT_OBJC_ISA_USAGE = YES_ERROR;
				CLANG_WARN_DOCUMENTATION_COMMENTS = YES;
				CLANG_WARN_EMPTY_BODY = YES;
				CLANG_WARN_ENUM_CONVERSION = YES;
				CLANG_WARN_INFINITE_RECURSION = YES;
				CLANG_WARN_INT_CONVERSION = YES;
				CLANG_WARN_NON_LITERAL_NULL_CONVERSION = YES;
				CLANG_WARN_OBJC_IMPLICIT_RETAIN_SELF = YES;
				CLANG_WARN_OBJC_LITERAL_CONVERSION = YES;
				CLANG_WARN_OBJC_ROOT_CLASS = YES_ERROR;
				CLANG_WARN_QUOTED_INCLUDE_IN_FRAMEWORK_HEADER = YES;
				CLANG_WARN_RANGE_LOOP_ANALYSIS = YES;
				CLANG_WARN_STRICT_PROTOTYPES = YES;
				CLANG_WARN_SUSPICIOUS_MOVE = YES;
				CLANG_WARN_UNGUARDED_AVAILABILITY = YES_AGGRESSIVE;
				CLANG_WARN_UNREACHABLE_CODE = YES;
				CLANG_WARN__DUPLICATE_METHOD_MATCH = YES;
				COPY_PHASE_STRIP = NO;
				DEBUG_INFORMATION_FORMAT = "dwarf-with-dsym";
				ENABLE_NS_ASSERTIONS = NO;
				ENABLE_STRICT_OBJC_MSGSEND = YES;
				GCC_C_LANGUAGE_STANDARD = gnu11;
				GCC_NO_COMMON_BLOCKS = YES;
				GCC_WARN_64_TO_32_BIT_CONVERSION = YES;
				GCC_WARN_ABOUT_RETURN_TYPE = YES_ERROR;
				GCC_WARN_UNDECLARED_SELECTOR = YES;
				GCC_WARN_UNINITIALIZED_AUTOS = YES_AGGRESSIVE;
				GCC_WARN_UNUSED_FUNCTION = YES;
				GCC_WARN_UNUSED_VARIABLE = YES;
				IPHONEOS_DEPLOYMENT_TARGET = 15.2;
				MTL_ENABLE_DEBUG_INFO = NO;
				MTL_FAST_MATH = YES;
				SDKROOT = iphoneos;
				SWIFT_COMPILATION_MODE = wholemodule;
				SWIFT_OPTIMIZATION_LEVEL = "-O";
				VALIDATE_PRODUCT = YES;
			};
			name = Release;
		};
		A2E0823427AEEEF300B0DCAC /* Debug */ = {
			isa = XCBuildConfiguration;
			buildSettings = {
				ASSETCATALOG_COMPILER_APPICON_NAME = AppIcon;
				ASSETCATALOG_COMPILER_GLOBAL_ACCENT_COLOR_NAME = AccentColor;
				CODE_SIGN_STYLE = Automatic;
				CURRENT_PROJECT_VERSION = 1;
				DEVELOPMENT_ASSET_PATHS = "\"TCA-Sample/Preview Content\"";
				DEVELOPMENT_TEAM = T6HST2ZLKB;
				ENABLE_PREVIEWS = YES;
				GENERATE_INFOPLIST_FILE = YES;
				INFOPLIST_KEY_UIApplicationSceneManifest_Generation = YES;
				INFOPLIST_KEY_UIApplicationSupportsIndirectInputEvents = YES;
				INFOPLIST_KEY_UILaunchScreen_Generation = YES;
				INFOPLIST_KEY_UISupportedInterfaceOrientations_iPad = "UIInterfaceOrientationPortrait UIInterfaceOrientationPortraitUpsideDown UIInterfaceOrientationLandscapeLeft UIInterfaceOrientationLandscapeRight";
				INFOPLIST_KEY_UISupportedInterfaceOrientations_iPhone = "UIInterfaceOrientationPortrait UIInterfaceOrientationLandscapeLeft UIInterfaceOrientationLandscapeRight";
				LD_RUNPATH_SEARCH_PATHS = (
					"$(inherited)",
					"@executable_path/Frameworks",
				);
				MARKETING_VERSION = 1.0;
				PRODUCT_BUNDLE_IDENTIFIER = "io.supereight.TCA-Sample";
				PRODUCT_NAME = "$(TARGET_NAME)";
				SWIFT_EMIT_LOC_STRINGS = YES;
				SWIFT_VERSION = 5.0;
				TARGETED_DEVICE_FAMILY = "1,2";
			};
			name = Debug;
		};
		A2E0823527AEEEF300B0DCAC /* Release */ = {
			isa = XCBuildConfiguration;
			buildSettings = {
				ASSETCATALOG_COMPILER_APPICON_NAME = AppIcon;
				ASSETCATALOG_COMPILER_GLOBAL_ACCENT_COLOR_NAME = AccentColor;
				CODE_SIGN_STYLE = Automatic;
				CURRENT_PROJECT_VERSION = 1;
				DEVELOPMENT_ASSET_PATHS = "\"TCA-Sample/Preview Content\"";
				DEVELOPMENT_TEAM = T6HST2ZLKB;
				ENABLE_PREVIEWS = YES;
				GENERATE_INFOPLIST_FILE = YES;
				INFOPLIST_KEY_UIApplicationSceneManifest_Generation = YES;
				INFOPLIST_KEY_UIApplicationSupportsIndirectInputEvents = YES;
				INFOPLIST_KEY_UILaunchScreen_Generation = YES;
				INFOPLIST_KEY_UISupportedInterfaceOrientations_iPad = "UIInterfaceOrientationPortrait UIInterfaceOrientationPortraitUpsideDown UIInterfaceOrientationLandscapeLeft UIInterfaceOrientationLandscapeRight";
				INFOPLIST_KEY_UISupportedInterfaceOrientations_iPhone = "UIInterfaceOrientationPortrait UIInterfaceOrientationLandscapeLeft UIInterfaceOrientationLandscapeRight";
				LD_RUNPATH_SEARCH_PATHS = (
					"$(inherited)",
					"@executable_path/Frameworks",
				);
				MARKETING_VERSION = 1.0;
				PRODUCT_BUNDLE_IDENTIFIER = "io.supereight.TCA-Sample";
				PRODUCT_NAME = "$(TARGET_NAME)";
				SWIFT_EMIT_LOC_STRINGS = YES;
				SWIFT_VERSION = 5.0;
				TARGETED_DEVICE_FAMILY = "1,2";
			};
			name = Release;
		};
/* End XCBuildConfiguration section */

/* Begin XCConfigurationList section */
		A2E0822027AEEEF200B0DCAC /* Build configuration list for PBXProject "TCA-Sample" */ = {
			isa = XCConfigurationList;
			buildConfigurations = (
				A2E0823127AEEEF300B0DCAC /* Debug */,
				A2E0823227AEEEF300B0DCAC /* Release */,
			);
			defaultConfigurationIsVisible = 0;
			defaultConfigurationName = Release;
		};
		A2E0823327AEEEF300B0DCAC /* Build configuration list for PBXNativeTarget "TCA-Sample" */ = {
			isa = XCConfigurationList;
			buildConfigurations = (
				A2E0823427AEEEF300B0DCAC /* Debug */,
				A2E0823527AEEEF300B0DCAC /* Release */,
			);
			defaultConfigurationIsVisible = 0;
			defaultConfigurationName = Release;
		};
/* End XCConfigurationList section */

/* Begin XCRemoteSwiftPackageReference section */
		A2E0823627AEEF9E00B0DCAC /* XCRemoteSwiftPackageReference "swift-composable-architecture" */ = {
			isa = XCRemoteSwiftPackageReference;
			repositoryURL = "https://github.com/pointfreeco/swift-composable-architecture.git";
			requirement = {
				kind = upToNextMajorVersion;
				minimumVersion = 0.9.0;
			};
		};
		A2FE634927DE03CC006D02B1 /* XCRemoteSwiftPackageReference "realm-swift" */ = {
			isa = XCRemoteSwiftPackageReference;
			repositoryURL = "https://github.com/realm/realm-swift.git";
			requirement = {
				kind = upToNextMajorVersion;
				minimumVersion = 10.24.0;
			};
		};
/* End XCRemoteSwiftPackageReference section */

/* Begin XCSwiftPackageProductDependency section */
		A2E0823727AEEF9E00B0DCAC /* ComposableArchitecture */ = {
			isa = XCSwiftPackageProductDependency;
			package = A2E0823627AEEF9E00B0DCAC /* XCRemoteSwiftPackageReference "swift-composable-architecture" */;
			productName = ComposableArchitecture;
		};
		A2FE634A27DE03CC006D02B1 /* Realm */ = {
			isa = XCSwiftPackageProductDependency;
			package = A2FE634927DE03CC006D02B1 /* XCRemoteSwiftPackageReference "realm-swift" */;
			productName = Realm;
		};
		A2FE634C27DE03CC006D02B1 /* RealmSwift */ = {
			isa = XCSwiftPackageProductDependency;
			package = A2FE634927DE03CC006D02B1 /* XCRemoteSwiftPackageReference "realm-swift" */;
			productName = RealmSwift;
		};
/* End XCSwiftPackageProductDependency section */
	};
	rootObject = A2E0821D27AEEEF200B0DCAC /* Project object */;
}
